
Microsoft Visual Studio Solution File, Format Version 12.00
# Visual Studio 14
VisualStudioVersion = 14.0.25123.0
MinimumVisualStudioVersion = 10.0.40219.1
Project("{8BB2217D-0F2D-49D1-97BC-3654ED321F3B}") = "HitFit.Api", "HitFit.Api\HitFit.Api.xproj", "{9F37510D-01A0-4B5C-BA84-DB563871C25D}"
EndProject
Project("{8BB2217D-0F2D-49D1-97BC-3654ED321F3B}") = "HitFit.Web", "HitFit.Web\HitFit.Web.xproj", "{6345E624-4FF8-46AE-955E-35D732004F3F}"
EndProject
Project("{8BB2217D-0F2D-49D1-97BC-3654ED321F3B}") = "Hitfit.Web.Spa", "HitFit.Web.Spa\Hitfit.Web.Spa.xproj", "{06F48448-FB38-4B0F-B883-DA098640CBA6}"
EndProject
Global
	GlobalSection(SolutionConfigurationPlatforms) = preSolution
		Debug|Any CPU = Debug|Any CPU
		Release|Any CPU = Release|Any CPU
	EndGlobalSection
	GlobalSection(ProjectConfigurationPlatforms) = postSolution
		{9F37510D-01A0-4B5C-BA84-DB563871C25D}.Debug|Any CPU.ActiveCfg = Debug|Any CPU
		{9F37510D-01A0-4B5C-BA84-DB563871C25D}.Debug|Any CPU.Build.0 = Debug|Any CPU
		{9F37510D-01A0-4B5C-BA84-DB563871C25D}.Release|Any CPU.ActiveCfg = Release|Any CPU
		{9F37510D-01A0-4B5C-BA84-DB563871C25D}.Release|Any CPU.Build.0 = Release|Any CPU
		{6345E624-4FF8-46AE-955E-35D732004F3F}.Debug|Any CPU.ActiveCfg = Debug|Any CPU
		{6345E624-4FF8-46AE-955E-35D732004F3F}.Debug|Any CPU.Build.0 = Debug|Any CPU
		{6345E624-4FF8-46AE-955E-35D732004F3F}.Release|Any CPU.ActiveCfg = Release|Any CPU
		{6345E624-4FF8-46AE-955E-35D732004F3F}.Release|Any CPU.Build.0 = Release|Any CPU
		{06F48448-FB38-4B0F-B883-DA098640CBA6}.Debug|Any CPU.ActiveCfg = Debug|Any CPU
		{06F48448-FB38-4B0F-B883-DA098640CBA6}.Debug|Any CPU.Build.0 = Debug|Any CPU
		{06F48448-FB38-4B0F-B883-DA098640CBA6}.Release|Any CPU.ActiveCfg = Release|Any CPU
		{06F48448-FB38-4B0F-B883-DA098640CBA6}.Release|Any CPU.Build.0 = Release|Any CPU
	EndGlobalSection
	GlobalSection(SolutionProperties) = preSolution
		HideSolutionNode = FALSE
	EndGlobalSection
EndGlobal
